
Microsoft Visual Studio Solution File, Format Version 12.00
# Visual Studio Version 17
VisualStudioVersion = 17.10.35013.160
MinimumVisualStudioVersion = 10.0.40219.1
Project("{FAE04EC0-301F-11D3-BF4B-00C04F79EFBC}") = "Vivify", "LTG\Vivify.csproj", "{3D757E2C-6D8B-4C01-8DF0-8294A9C3E414}"
EndProject
Global
	GlobalSection(SolutionConfigurationPlatforms) = preSolution
		Debug|Any CPU = Debug|Any CPU
		Release|Any CPU = Release|Any CPU
	EndGlobalSection
	GlobalSection(ProjectConfigurationPlatforms) = postSolution
		{3D757E2C-6D8B-4C01-8DF0-8294A9C3E414}.Debug|Any CPU.ActiveCfg = Debug|Any CPU
		{3D757E2C-6D8B-4C01-8DF0-8294A9C3E414}.Debug|Any CPU.Build.0 = Debug|Any CPU
		{3D757E2C-6D8B-4C01-8DF0-8294A9C3E414}.Release|Any CPU.ActiveCfg = Release|Any CPU
		{3D757E2C-6D8B-4C01-8DF0-8294A9C3E414}.Release|Any CPU.Build.0 = Release|Any CPU
	EndGlobalSection
	GlobalSection(SolutionProperties) = preSolution
		HideSolutionNode = FALSE
	EndGlobalSection
	GlobalSection(ExtensibilityGlobals) = postSolution
		SolutionGuid = {B367FE7F-14BC-4BF1-A3C4-CCA61777B7EB}
	EndGlobalSection
EndGlobal
